// !$*UTF8*$!
{
	archiveVersion = 1;
	classes = {
	};
	objectVersion = 46;
	objects = {

/* Begin PBXBuildFile section */
		7408081F1C392A1C00D1CE3E /* main.cpp in Sources */ = {isa = PBXBuildFile; fileRef = 7408081E1C392A1C00D1CE3E /* main.cpp */; };
		740808261C392A2F00D1CE3E /* OpenCL.framework in Frameworks */ = {isa = PBXBuildFile; fileRef = 740808251C392A2F00D1CE3E /* OpenCL.framework */; };
		7408082B1C392B3900D1CE3E /* OpenCLMgr.cpp in Sources */ = {isa = PBXBuildFile; fileRef = 740808281C392B3900D1CE3E /* OpenCLMgr.cpp */; };
		7408082F1C392CF600D1CE3E /* image_stats.cl in Sources */ = {isa = PBXBuildFile; fileRef = 7408082E1C392CF600D1CE3E /* image_stats.cl */; };
/* End PBXBuildFile section */

/* Begin PBXCopyFilesBuildPhase section */
		740808191C392A1C00D1CE3E /* CopyFiles */ = {
			isa = PBXCopyFilesBuildPhase;
			buildActionMask = 2147483647;
			dstPath = /usr/share/man/man1/;
			dstSubfolderSpec = 0;
			files = (
			);
			runOnlyForDeploymentPostprocessing = 1;
		};
/* End PBXCopyFilesBuildPhase section */

/* Begin PBXFileReference section */
		7408081B1C392A1C00D1CE3E /* HistogramCalculation */ = {isa = PBXFileReference; explicitFileType = "compiled.mach-o.executable"; includeInIndex = 0; path = HistogramCalculation; sourceTree = BUILT_PRODUCTS_DIR; };
		7408081E1C392A1C00D1CE3E /* main.cpp */ = {isa = PBXFileReference; lastKnownFileType = sourcecode.cpp.cpp; path = main.cpp; sourceTree = "<group>"; };
		740808251C392A2F00D1CE3E /* OpenCL.framework */ = {isa = PBXFileReference; lastKnownFileType = wrapper.framework; name = OpenCL.framework; path = System/Library/Frameworks/OpenCL.framework; sourceTree = SDKROOT; };
		740808281C392B3900D1CE3E /* OpenCLMgr.cpp */ = {isa = PBXFileReference; fileEncoding = 4; lastKnownFileType = sourcecode.cpp.cpp; path = OpenCLMgr.cpp; sourceTree = "<group>"; };
		740808291C392B3900D1CE3E /* OpenCLMgr.h */ = {isa = PBXFileReference; fileEncoding = 4; lastKnownFileType = sourcecode.c.h; path = OpenCLMgr.h; sourceTree = "<group>"; };
		7408082E1C392CF600D1CE3E /* image_stats.cl */ = {isa = PBXFileReference; fileEncoding = 4; lastKnownFileType = sourcecode.opencl; path = image_stats.cl; sourceTree = "<group>"; };
/* End PBXFileReference section */

/* Begin PBXFrameworksBuildPhase section */
		740808181C392A1C00D1CE3E /* Frameworks */ = {
			isa = PBXFrameworksBuildPhase;
			buildActionMask = 2147483647;
			files = (
				740808261C392A2F00D1CE3E /* OpenCL.framework in Frameworks */,
			);
			runOnlyForDeploymentPostprocessing = 0;
		};
/* End PBXFrameworksBuildPhase section */

/* Begin PBXGroup section */
		740808121C392A1C00D1CE3E = {
			isa = PBXGroup;
			children = (
				740808251C392A2F00D1CE3E /* OpenCL.framework */,
				7408081D1C392A1C00D1CE3E /* HistogramCalculation */,
				7408081C1C392A1C00D1CE3E /* Products */,
			);
			sourceTree = "<group>";
		};
		7408081C1C392A1C00D1CE3E /* Products */ = {
			isa = PBXGroup;
			children = (
				7408081B1C392A1C00D1CE3E /* HistogramCalculation */,
			);
			name = Products;
			sourceTree = "<group>";
		};
		7408081D1C392A1C00D1CE3E /* HistogramCalculation */ = {
			isa = PBXGroup;
			children = (
				7408082E1C392CF600D1CE3E /* image_stats.cl */,
				740808281C392B3900D1CE3E /* OpenCLMgr.cpp */,
				740808291C392B3900D1CE3E /* OpenCLMgr.h */,
				7408081E1C392A1C00D1CE3E /* main.cpp */,
			);
			path = HistogramCalculation;
			sourceTree = "<group>";
		};
/* End PBXGroup section */

/* Begin PBXNativeTarget section */
		7408081A1C392A1C00D1CE3E /* HistogramCalculation */ = {
			isa = PBXNativeTarget;
			buildConfigurationList = 740808221C392A1C00D1CE3E /* Build configuration list for PBXNativeTarget "HistogramCalculation" */;
			buildPhases = (
				740808171C392A1C00D1CE3E /* Sources */,
				740808181C392A1C00D1CE3E /* Frameworks */,
				740808191C392A1C00D1CE3E /* CopyFiles */,
			);
			buildRules = (
			);
			dependencies = (
			);
			name = HistogramCalculation;
			productName = HistogramCalculation;
			productReference = 7408081B1C392A1C00D1CE3E /* HistogramCalculation */;
			productType = "com.apple.product-type.tool";
		};
/* End PBXNativeTarget section */

/* Begin PBXProject section */
		740808131C392A1C00D1CE3E /* Project object */ = {
			isa = PBXProject;
			attributes = {
				LastUpgradeCheck = 0620;
				ORGANIZATIONNAME = "Jan Gruber";
				TargetAttributes = {
					7408081A1C392A1C00D1CE3E = {
						CreatedOnToolsVersion = 6.2;
					};
				};
			};
			buildConfigurationList = 740808161C392A1C00D1CE3E /* Build configuration list for PBXProject "HistogramCalculation" */;
			compatibilityVersion = "Xcode 3.2";
			developmentRegion = English;
			hasScannedForEncodings = 0;
			knownRegions = (
				en,
			);
			mainGroup = 740808121C392A1C00D1CE3E;
			productRefGroup = 7408081C1C392A1C00D1CE3E /* Products */;
			projectDirPath = "";
			projectRoot = "";
			targets = (
				7408081A1C392A1C00D1CE3E /* HistogramCalculation */,
			);
		};
/* End PBXProject section */

/* Begin PBXSourcesBuildPhase section */
		740808171C392A1C00D1CE3E /* Sources */ = {
			isa = PBXSourcesBuildPhase;
			buildActionMask = 2147483647;
			files = (
				7408082F1C392CF600D1CE3E /* image_stats.cl in Sources */,
				7408082B1C392B3900D1CE3E /* OpenCLMgr.cpp in Sources */,
				7408081F1C392A1C00D1CE3E /* main.cpp in Sources */,
			);
			runOnlyForDeploymentPostprocessing = 0;
		};
/* End PBXSourcesBuildPhase section */

/* Begin XCBuildConfiguration section */
		740808201C392A1C00D1CE3E /* Debug */ = {
			isa = XCBuildConfiguration;
			buildSettings = {
				ALWAYS_SEARCH_USER_PATHS = NO;
				CLANG_CXX_LANGUAGE_STANDARD = "gnu++0x";
				CLANG_CXX_LIBRARY = "libc++";
				CLANG_ENABLE_MODULES = YES;
				CLANG_ENABLE_OBJC_ARC = YES;
				CLANG_WARN_BOOL_CONVERSION = YES;
				CLANG_WARN_CONSTANT_CONVERSION = YES;
				CLANG_WARN_DIRECT_OBJC_ISA_USAGE = YES_ERROR;
				CLANG_WARN_EMPTY_BODY = YES;
				CLANG_WARN_ENUM_CONVERSION = YES;
				CLANG_WARN_INT_CONVERSION = YES;
				CLANG_WARN_OBJC_ROOT_CLASS = YES_ERROR;
				CLANG_WARN_UNREACHABLE_CODE = YES;
				CLANG_WARN__DUPLICATE_METHOD_MATCH = YES;
				COPY_PHASE_STRIP = NO;
				ENABLE_STRICT_OBJC_MSGSEND = YES;
				GCC_C_LANGUAGE_STANDARD = gnu99;
				GCC_DYNAMIC_NO_PIC = NO;
				GCC_OPTIMIZATION_LEVEL = 0;
				GCC_PREPROCESSOR_DEFINITIONS = (
					"DEBUG=1",
					"$(inherited)",
				);
				GCC_SYMBOLS_PRIVATE_EXTERN = NO;
				GCC_WARN_64_TO_32_BIT_CONVERSION = YES;
				GCC_WARN_ABOUT_RETURN_TYPE = YES_ERROR;
				GCC_WARN_UNDECLARED_SELECTOR = YES;
				GCC_WARN_UNINITIALIZED_AUTOS = YES_AGGRESSIVE;
				GCC_WARN_UNUSED_FUNCTION = YES;
				GCC_WARN_UNUSED_VARIABLE = YES;
				MACOSX_DEPLOYMENT_TARGET = 10.10;
				MTL_ENABLE_DEBUG_INFO = YES;
				ONLY_ACTIVE_ARCH = YES;
				SDKROOT = macosx;
			};
			name = Debug;
		};
		740808211C392A1C00D1CE3E /* Release */ = {
			isa = XCBuildConfiguration;
			buildSettings = {
				ALWAYS_SEARCH_USER_PATHS = NO;
				CLANG_CXX_LANGUAGE_STANDARD = "gnu++0x";
				CLANG_CXX_LIBRARY = "libc++";
				CLANG_ENABLE_MODULES = YES;
				CLANG_ENABLE_OBJC_ARC = YES;
				CLANG_WARN_BOOL_CONVERSION = YES;
				CLANG_WARN_CONSTANT_CONVERSION = YES;
				CLANG_WARN_DIRECT_OBJC_ISA_USAGE = YES_ERROR;
				CLANG_WARN_EMPTY_BODY = YES;
				CLANG_WARN_ENUM_CONVERSION = YES;
				CLANG_WARN_INT_CONVERSION = YES;
				CLANG_WARN_OBJC_ROOT_CLASS = YES_ERROR;
				CLANG_WARN_UNREACHABLE_CODE = YES;
				CLANG_WARN__DUPLICATE_METHOD_MATCH = YES;
				COPY_PHASE_STRIP = NO;
				DEBUG_INFORMATION_FORMAT = "dwarf-with-dsym";
				ENABLE_NS_ASSERTIONS = NO;
				ENABLE_STRICT_OBJC_MSGSEND = YES;
				GCC_C_LANGUAGE_STANDARD = gnu99;
				GCC_WARN_64_TO_32_BIT_CONVERSION = YES;
				GCC_WARN_ABOUT_RETURN_TYPE = YES_ERROR;
				GCC_WARN_UNDECLARED_SELECTOR = YES;
				GCC_WARN_UNINITIALIZED_AUTOS = YES_AGGRESSIVE;
				GCC_WARN_UNUSED_FUNCTION = YES;
				GCC_WARN_UNUSED_VARIABLE = YES;
				MACOSX_DEPLOYMENT_TARGET = 10.10;
				MTL_ENABLE_DEBUG_INFO = NO;
				SDKROOT = macosx;
			};
			name = Release;
		};
		740808231C392A1C00D1CE3E /* Debug */ = {
			isa = XCBuildConfiguration;
			buildSettings = {
				HEADER_SEARCH_PATHS = (
					"$(inherited)",
					/Applications/Xcode.app/Contents/Developer/Toolchains/XcodeDefault.xctoolchain/usr/include,
					/usr/local/include,
				);
				LIBRARY_SEARCH_PATHS = /usr/local/lib;
				OTHER_LDFLAGS = "-ltiff";
				PRODUCT_NAME = "$(TARGET_NAME)";
			};
			name = Debug;
		};
		740808241C392A1C00D1CE3E /* Release */ = {
			isa = XCBuildConfiguration;
			buildSettings = {
				HEADER_SEARCH_PATHS = (
					"$(inherited)",
					/Applications/Xcode.app/Contents/Developer/Toolchains/XcodeDefault.xctoolchain/usr/include,
					/usr/local/include,
				);
				LIBRARY_SEARCH_PATHS = /usr/local/lib;
				OTHER_LDFLAGS = "-ltiff";
				PRODUCT_NAME = "$(TARGET_NAME)";
			};
			name = Release;
		};
/* End XCBuildConfiguration section */

/* Begin XCConfigurationList section */
		740808161C392A1C00D1CE3E /* Build configuration list for PBXProject "HistogramCalculation" */ = {
			isa = XCConfigurationList;
			buildConfigurations = (
				740808201C392A1C00D1CE3E /* Debug */,
				740808211C392A1C00D1CE3E /* Release */,
			);
			defaultConfigurationIsVisible = 0;
			defaultConfigurationName = Release;
		};
		740808221C392A1C00D1CE3E /* Build configuration list for PBXNativeTarget "HistogramCalculation" */ = {
			isa = XCConfigurationList;
			buildConfigurations = (
				740808231C392A1C00D1CE3E /* Debug */,
				740808241C392A1C00D1CE3E /* Release */,
			);
			defaultConfigurationIsVisible = 0;
		};
/* End XCConfigurationList section */
	};
	rootObject = 740808131C392A1C00D1CE3E /* Project object */;
}
